github.com/AidosKuneen/numcpu v0.0.0-20210210150138-97011676ebca h1:pIabnic286lG69ngkj9fzFJ/4PUhU7CkEXcdO4EsPFM=
github.com/AidosKuneen/numcpu v0.0.0-20210210150138-97011676ebca/go.mod h1:UTejm94zEk8LINQRE73pcVBWfv9BewaPVQqmmmBs25E=
github.com/pkg/errors v0.9.1 h1:FEBLx1zS214owpjy7qsBeixbURkuhQAwrK5UwLGTwt4=
github.com/pkg/errors v0.9.1/go.mod h1:bwawxfHBFNV+L2hUp1rHADufV3IMtnDRdf1r5NINEl0=
